
Microsoft Visual Studio Solution File, Format Version 12.00
# Visual Studio Version 16
VisualStudioVersion = 16.0.32602.291
MinimumVisualStudioVersion = 10.0.40219.1
Project("{FAE04EC0-301F-11D3-BF4B-00C04F79EFBC}") = "RevitAPITrainingSelection", "RevitAPITrainingSelection\RevitAPITrainingSelection.csproj", "{9FEA2E60-5F2C-4C35-A7E7-6A417E1B6885}"
EndProject
Project("{FAE04EC0-301F-11D3-BF4B-00C04F79EFBC}") = "RevitAPITrainingSelection2", "RevitAPITrainingSelection2\RevitAPITrainingSelection2.csproj", "{63190FAB-EBBB-4263-BFF7-3F83D705132C}"
EndProject
Project("{FAE04EC0-301F-11D3-BF4B-00C04F79EFBC}") = "RevitAPITrainingSelectionDoor", "RevitAPITrainingSelectionWindow\RevitAPITrainingSelectionDoor.csproj", "{658CC8AB-75D2-4B2B-9494-2712B4ED3487}"
EndProject
Project("{FAE04EC0-301F-11D3-BF4B-00C04F79EFBC}") = "RevitAPITrainingSelectionPipe", "RevitAPITrainingSelectionPipe\RevitAPITrainingSelectionPipe.csproj", "{0280CEEE-B0F5-4430-B56C-BCB6F524343A}"
EndProject
Global
	GlobalSection(SolutionConfigurationPlatforms) = preSolution
		Debug|Any CPU = Debug|Any CPU
		Release|Any CPU = Release|Any CPU
	EndGlobalSection
	GlobalSection(ProjectConfigurationPlatforms) = postSolution
		{9FEA2E60-5F2C-4C35-A7E7-6A417E1B6885}.Debug|Any CPU.ActiveCfg = Debug|Any CPU
		{9FEA2E60-5F2C-4C35-A7E7-6A417E1B6885}.Debug|Any CPU.Build.0 = Debug|Any CPU
		{9FEA2E60-5F2C-4C35-A7E7-6A417E1B6885}.Release|Any CPU.ActiveCfg = Release|Any CPU
		{9FEA2E60-5F2C-4C35-A7E7-6A417E1B6885}.Release|Any CPU.Build.0 = Release|Any CPU
		{63190FAB-EBBB-4263-BFF7-3F83D705132C}.Debug|Any CPU.ActiveCfg = Debug|Any CPU
		{63190FAB-EBBB-4263-BFF7-3F83D705132C}.Debug|Any CPU.Build.0 = Debug|Any CPU
		{63190FAB-EBBB-4263-BFF7-3F83D705132C}.Release|Any CPU.ActiveCfg = Release|Any CPU
		{63190FAB-EBBB-4263-BFF7-3F83D705132C}.Release|Any CPU.Build.0 = Release|Any CPU
		{658CC8AB-75D2-4B2B-9494-2712B4ED3487}.Debug|Any CPU.ActiveCfg = Debug|Any CPU
		{658CC8AB-75D2-4B2B-9494-2712B4ED3487}.Debug|Any CPU.Build.0 = Debug|Any CPU
		{658CC8AB-75D2-4B2B-9494-2712B4ED3487}.Release|Any CPU.ActiveCfg = Release|Any CPU
		{658CC8AB-75D2-4B2B-9494-2712B4ED3487}.Release|Any CPU.Build.0 = Release|Any CPU
		{0280CEEE-B0F5-4430-B56C-BCB6F524343A}.Debug|Any CPU.ActiveCfg = Debug|Any CPU
		{0280CEEE-B0F5-4430-B56C-BCB6F524343A}.Debug|Any CPU.Build.0 = Debug|Any CPU
		{0280CEEE-B0F5-4430-B56C-BCB6F524343A}.Release|Any CPU.ActiveCfg = Release|Any CPU
		{0280CEEE-B0F5-4430-B56C-BCB6F524343A}.Release|Any CPU.Build.0 = Release|Any CPU
	EndGlobalSection
	GlobalSection(SolutionProperties) = preSolution
		HideSolutionNode = FALSE
	EndGlobalSection
	GlobalSection(ExtensibilityGlobals) = postSolution
		SolutionGuid = {54753C01-4771-45C1-830A-5C67F7D53B2A}
	EndGlobalSection
EndGlobal
